// !$*UTF8*$!
{
	archiveVersion = 1;
	classes = {
	};
	objectVersion = 50;
	objects = {

/* Begin PBXBuildFile section */
		BCEEFECF26BDC904000A1C67 /* CoreDataProjectApp.swift in Sources */ = {isa = PBXBuildFile; fileRef = BCEEFECE26BDC904000A1C67 /* CoreDataProjectApp.swift */; };
		BCEEFED126BDC904000A1C67 /* ContentView.swift in Sources */ = {isa = PBXBuildFile; fileRef = BCEEFED026BDC904000A1C67 /* ContentView.swift */; };
		BCEEFED326BDC909000A1C67 /* Assets.xcassets in Resources */ = {isa = PBXBuildFile; fileRef = BCEEFED226BDC909000A1C67 /* Assets.xcassets */; };
		BCEEFED626BDC909000A1C67 /* Preview Assets.xcassets in Resources */ = {isa = PBXBuildFile; fileRef = BCEEFED526BDC909000A1C67 /* Preview Assets.xcassets */; };
		BCEEFEDE26BDC9F4000A1C67 /* Persistence.swift in Sources */ = {isa = PBXBuildFile; fileRef = BCEEFEDD26BDC9F4000A1C67 /* Persistence.swift */; };
		BCEEFEE126BDD18B000A1C67 /* CoreDataProject.xcdatamodeld in Sources */ = {isa = PBXBuildFile; fileRef = BCEEFEDF26BDD18B000A1C67 /* CoreDataProject.xcdatamodeld */; };
		BCEEFEE426BDD2A8000A1C67 /* Movie+CoreDataClass.swift in Sources */ = {isa = PBXBuildFile; fileRef = BCEEFEE226BDD2A8000A1C67 /* Movie+CoreDataClass.swift */; };
		BCEEFEE526BDD2A8000A1C67 /* Movie+CoreDataProperties.swift in Sources */ = {isa = PBXBuildFile; fileRef = BCEEFEE326BDD2A8000A1C67 /* Movie+CoreDataProperties.swift */; };
		BCEEFEE926BDE2D3000A1C67 /* FavoriteMovies.swift in Sources */ = {isa = PBXBuildFile; fileRef = BCEEFEE826BDE2D3000A1C67 /* FavoriteMovies.swift */; };
		BCEEFEED26C18008000A1C67 /* Constraints.swift in Sources */ = {isa = PBXBuildFile; fileRef = BCEEFEEC26C18008000A1C67 /* Constraints.swift */; };
		BCEEFF3526C18D72000A1C67 /* FilteredList.swift in Sources */ = {isa = PBXBuildFile; fileRef = BCEEFF3426C18D72000A1C67 /* FilteredList.swift */; };
/* End PBXBuildFile section */

/* Begin PBXFileReference section */
		BCEEFECB26BDC904000A1C67 /* CoreDataProject.app */ = {isa = PBXFileReference; explicitFileType = wrapper.application; includeInIndex = 0; path = CoreDataProject.app; sourceTree = BUILT_PRODUCTS_DIR; };
		BCEEFECE26BDC904000A1C67 /* CoreDataProjectApp.swift */ = {isa = PBXFileReference; lastKnownFileType = sourcecode.swift; path = CoreDataProjectApp.swift; sourceTree = "<group>"; };
		BCEEFED026BDC904000A1C67 /* ContentView.swift */ = {isa = PBXFileReference; lastKnownFileType = sourcecode.swift; path = ContentView.swift; sourceTree = "<group>"; };
		BCEEFED226BDC909000A1C67 /* Assets.xcassets */ = {isa = PBXFileReference; lastKnownFileType = folder.assetcatalog; path = Assets.xcassets; sourceTree = "<group>"; };
		BCEEFED526BDC909000A1C67 /* Preview Assets.xcassets */ = {isa = PBXFileReference; lastKnownFileType = folder.assetcatalog; path = "Preview Assets.xcassets"; sourceTree = "<group>"; };
		BCEEFED726BDC909000A1C67 /* Info.plist */ = {isa = PBXFileReference; lastKnownFileType = text.plist.xml; path = Info.plist; sourceTree = "<group>"; };
		BCEEFEDD26BDC9F4000A1C67 /* Persistence.swift */ = {isa = PBXFileReference; lastKnownFileType = sourcecode.swift; path = Persistence.swift; sourceTree = "<group>"; };
		BCEEFEE026BDD18B000A1C67 /* CoreDataProject.xcdatamodel */ = {isa = PBXFileReference; lastKnownFileType = wrapper.xcdatamodel; path = CoreDataProject.xcdatamodel; sourceTree = "<group>"; };
		BCEEFEE226BDD2A8000A1C67 /* Movie+CoreDataClass.swift */ = {isa = PBXFileReference; lastKnownFileType = sourcecode.swift; path = "Movie+CoreDataClass.swift"; sourceTree = "<group>"; };
		BCEEFEE326BDD2A8000A1C67 /* Movie+CoreDataProperties.swift */ = {isa = PBXFileReference; lastKnownFileType = sourcecode.swift; path = "Movie+CoreDataProperties.swift"; sourceTree = "<group>"; };
		BCEEFEE826BDE2D3000A1C67 /* FavoriteMovies.swift */ = {isa = PBXFileReference; lastKnownFileType = sourcecode.swift; path = FavoriteMovies.swift; sourceTree = "<group>"; };
		BCEEFEEC26C18008000A1C67 /* Constraints.swift */ = {isa = PBXFileReference; lastKnownFileType = sourcecode.swift; path = Constraints.swift; sourceTree = "<group>"; };
		BCEEFF3426C18D72000A1C67 /* FilteredList.swift */ = {isa = PBXFileReference; lastKnownFileType = sourcecode.swift; path = FilteredList.swift; sourceTree = "<group>"; };
/* End PBXFileReference section */

/* Begin PBXFrameworksBuildPhase section */
		BCEEFEC826BDC904000A1C67 /* Frameworks */ = {
			isa = PBXFrameworksBuildPhase;
			buildActionMask = 2147483647;
			files = (
			);
			runOnlyForDeploymentPostprocessing = 0;
		};
/* End PBXFrameworksBuildPhase section */

/* Begin PBXGroup section */
		BCEEFEC226BDC904000A1C67 = {
			isa = PBXGroup;
			children = (
				BCEEFECD26BDC904000A1C67 /* CoreDataProject */,
				BCEEFECC26BDC904000A1C67 /* Products */,
			);
			sourceTree = "<group>";
		};
		BCEEFECC26BDC904000A1C67 /* Products */ = {
			isa = PBXGroup;
			children = (
				BCEEFECB26BDC904000A1C67 /* CoreDataProject.app */,
			);
			name = Products;
			sourceTree = "<group>";
		};
		BCEEFECD26BDC904000A1C67 /* CoreDataProject */ = {
			isa = PBXGroup;
			children = (
				BCEEFECE26BDC904000A1C67 /* CoreDataProjectApp.swift */,
				BCEEFEEA26BDE2EF000A1C67 /* View */,
				BCEEFEE626BDE28E000A1C67 /* Model */,
				BCEEFED226BDC909000A1C67 /* Assets.xcassets */,
				BCEEFED726BDC909000A1C67 /* Info.plist */,
				BCEEFED426BDC909000A1C67 /* Preview Content */,
			);
			path = CoreDataProject;
			sourceTree = "<group>";
		};
		BCEEFED426BDC909000A1C67 /* Preview Content */ = {
			isa = PBXGroup;
			children = (
				BCEEFED526BDC909000A1C67 /* Preview Assets.xcassets */,
			);
			path = "Preview Content";
			sourceTree = "<group>";
		};
		BCEEFEE626BDE28E000A1C67 /* Model */ = {
			isa = PBXGroup;
			children = (
				BCEEFEDF26BDD18B000A1C67 /* CoreDataProject.xcdatamodeld */,
				BCEEFEDD26BDC9F4000A1C67 /* Persistence.swift */,
				BCEEFEE726BDE2AB000A1C67 /* Movie */,
			);
			path = Model;
			sourceTree = "<group>";
		};
		BCEEFEE726BDE2AB000A1C67 /* Movie */ = {
			isa = PBXGroup;
			children = (
				BCEEFEE326BDD2A8000A1C67 /* Movie+CoreDataProperties.swift */,
				BCEEFEE226BDD2A8000A1C67 /* Movie+CoreDataClass.swift */,
			);
			path = Movie;
			sourceTree = "<group>";
		};
		BCEEFEEA26BDE2EF000A1C67 /* View */ = {
			isa = PBXGroup;
			children = (
				BCEEFED026BDC904000A1C67 /* ContentView.swift */,
				BCEEFEEB26BDE2FA000A1C67 /* Examples */,
			);
			path = View;
			sourceTree = "<group>";
		};
		BCEEFEEB26BDE2FA000A1C67 /* Examples */ = {
			isa = PBXGroup;
			children = (
				BCEEFEE826BDE2D3000A1C67 /* FavoriteMovies.swift */,
				BCEEFEEC26C18008000A1C67 /* Constraints.swift */,
				BCEEFF3426C18D72000A1C67 /* FilteredList.swift */,
			);
			path = Examples;
			sourceTree = "<group>";
		};
/* End PBXGroup section */

/* Begin PBXNativeTarget section */
		BCEEFECA26BDC904000A1C67 /* CoreDataProject */ = {
			isa = PBXNativeTarget;
			buildConfigurationList = BCEEFEDA26BDC909000A1C67 /* Build configuration list for PBXNativeTarget "CoreDataProject" */;
			buildPhases = (
				BCEEFEC726BDC904000A1C67 /* Sources */,
				BCEEFEC826BDC904000A1C67 /* Frameworks */,
				BCEEFEC926BDC904000A1C67 /* Resources */,
			);
			buildRules = (
			);
			dependencies = (
			);
			name = CoreDataProject;
			productName = CoreDataProject;
			productReference = BCEEFECB26BDC904000A1C67 /* CoreDataProject.app */;
			productType = "com.apple.product-type.application";
		};
/* End PBXNativeTarget section */

/* Begin PBXProject section */
		BCEEFEC326BDC904000A1C67 /* Project object */ = {
			isa = PBXProject;
			attributes = {
				LastSwiftUpdateCheck = 1250;
				LastUpgradeCheck = 1250;
				TargetAttributes = {
					BCEEFECA26BDC904000A1C67 = {
						CreatedOnToolsVersion = 12.5.1;
					};
				};
			};
			buildConfigurationList = BCEEFEC626BDC904000A1C67 /* Build configuration list for PBXProject "CoreDataProject" */;
			compatibilityVersion = "Xcode 9.3";
			developmentRegion = en;
			hasScannedForEncodings = 0;
			knownRegions = (
				en,
				Base,
			);
			mainGroup = BCEEFEC226BDC904000A1C67;
			productRefGroup = BCEEFECC26BDC904000A1C67 /* Products */;
			projectDirPath = "";
			projectRoot = "";
			targets = (
				BCEEFECA26BDC904000A1C67 /* CoreDataProject */,
			);
		};
/* End PBXProject section */

/* Begin PBXResourcesBuildPhase section */
		BCEEFEC926BDC904000A1C67 /* Resources */ = {
			isa = PBXResourcesBuildPhase;
			buildActionMask = 2147483647;
			files = (
				BCEEFED626BDC909000A1C67 /* Preview Assets.xcassets in Resources */,
				BCEEFED326BDC909000A1C67 /* Assets.xcassets in Resources */,
			);
			runOnlyForDeploymentPostprocessing = 0;
		};
/* End PBXResourcesBuildPhase section */

/* Begin PBXSourcesBuildPhase section */
		BCEEFEC726BDC904000A1C67 /* Sources */ = {
			isa = PBXSourcesBuildPhase;
			buildActionMask = 2147483647;
			files = (
				BCEEFEDE26BDC9F4000A1C67 /* Persistence.swift in Sources */,
				BCEEFED126BDC904000A1C67 /* ContentView.swift in Sources */,
				BCEEFF3526C18D72000A1C67 /* FilteredList.swift in Sources */,
				BCEEFEE126BDD18B000A1C67 /* CoreDataProject.xcdatamodeld in Sources */,
				BCEEFEE426BDD2A8000A1C67 /* Movie+CoreDataClass.swift in Sources */,
				BCEEFEED26C18008000A1C67 /* Constraints.swift in Sources */,
				BCEEFEE526BDD2A8000A1C67 /* Movie+CoreDataProperties.swift in Sources */,
				BCEEFECF26BDC904000A1C67 /* CoreDataProjectApp.swift in Sources */,
				BCEEFEE926BDE2D3000A1C67 /* FavoriteMovies.swift in Sources */,
			);
			runOnlyForDeploymentPostprocessing = 0;
		};
/* End PBXSourcesBuildPhase section */

/* Begin XCBuildConfiguration section */
		BCEEFED826BDC909000A1C67 /* Debug */ = {
			isa = XCBuildConfiguration;
			buildSettings = {
				ALWAYS_SEARCH_USER_PATHS = NO;
				CLANG_ANALYZER_NONNULL = YES;
				CLANG_ANALYZER_NUMBER_OBJECT_CONVERSION = YES_AGGRESSIVE;
				CLANG_CXX_LANGUAGE_STANDARD = "gnu++14";
				CLANG_CXX_LIBRARY = "libc++";
				CLANG_ENABLE_MODULES = YES;
				CLANG_ENABLE_OBJC_ARC = YES;
				CLANG_ENABLE_OBJC_WEAK = YES;
				CLANG_WARN_BLOCK_CAPTURE_AUTORELEASING = YES;
				CLANG_WARN_BOOL_CONVERSION = YES;
				CLANG_WARN_COMMA = YES;
				CLANG_WARN_CONSTANT_CONVERSION = YES;
				CLANG_WARN_DEPRECATED_OBJC_IMPLEMENTATIONS = YES;
				CLANG_WARN_DIRECT_OBJC_ISA_USAGE = YES_ERROR;
				CLANG_WARN_DOCUMENTATION_COMMENTS = YES;
				CLANG_WARN_EMPTY_BODY = YES;
				CLANG_WARN_ENUM_CONVERSION = YES;
				CLANG_WARN_INFINITE_RECURSION = YES;
				CLANG_WARN_INT_CONVERSION = YES;
				CLANG_WARN_NON_LITERAL_NULL_CONVERSION = YES;
				CLANG_WARN_OBJC_IMPLICIT_RETAIN_SELF = YES;
				CLANG_WARN_OBJC_LITERAL_CONVERSION = YES;
				CLANG_WARN_OBJC_ROOT_CLASS = YES_ERROR;
				CLANG_WARN_QUOTED_INCLUDE_IN_FRAMEWORK_HEADER = YES;
				CLANG_WARN_RANGE_LOOP_ANALYSIS = YES;
				CLANG_WARN_STRICT_PROTOTYPES = YES;
				CLANG_WARN_SUSPICIOUS_MOVE = YES;
				CLANG_WARN_UNGUARDED_AVAILABILITY = YES_AGGRESSIVE;
				CLANG_WARN_UNREACHABLE_CODE = YES;
				CLANG_WARN__DUPLICATE_METHOD_MATCH = YES;
				COPY_PHASE_STRIP = NO;
				DEBUG_INFORMATION_FORMAT = dwarf;
				ENABLE_STRICT_OBJC_MSGSEND = YES;
				ENABLE_TESTABILITY = YES;
				GCC_C_LANGUAGE_STANDARD = gnu11;
				GCC_DYNAMIC_NO_PIC = NO;
				GCC_NO_COMMON_BLOCKS = YES;
				GCC_OPTIMIZATION_LEVEL = 0;
				GCC_PREPROCESSOR_DEFINITIONS = (
					"DEBUG=1",
					"$(inherited)",
				);
				GCC_WARN_64_TO_32_BIT_CONVERSION = YES;
				GCC_WARN_ABOUT_RETURN_TYPE = YES_ERROR;
				GCC_WARN_UNDECLARED_SELECTOR = YES;
				GCC_WARN_UNINITIALIZED_AUTOS = YES_AGGRESSIVE;
				GCC_WARN_UNUSED_FUNCTION = YES;
				GCC_WARN_UNUSED_VARIABLE = YES;
				IPHONEOS_DEPLOYMENT_TARGET = 14.5;
				MTL_ENABLE_DEBUG_INFO = INCLUDE_SOURCE;
				MTL_FAST_MATH = YES;
				ONLY_ACTIVE_ARCH = YES;
				SDKROOT = iphoneos;
				SWIFT_ACTIVE_COMPILATION_CONDITIONS = DEBUG;
				SWIFT_OPTIMIZATION_LEVEL = "-Onone";
			};
			name = Debug;
		};
		BCEEFED926BDC909000A1C67 /* Release */ = {
			isa = XCBuildConfiguration;
			buildSettings = {
				ALWAYS_SEARCH_USER_PATHS = NO;
				CLANG_ANALYZER_NONNULL = YES;
				CLANG_ANALYZER_NUMBER_OBJECT_CONVERSION = YES_AGGRESSIVE;
				CLANG_CXX_LANGUAGE_STANDARD = "gnu++14";
				CLANG_CXX_LIBRARY = "libc++";
				CLANG_ENABLE_MODULES = YES;
				CLANG_ENABLE_OBJC_ARC = YES;
				CLANG_ENABLE_OBJC_WEAK = YES;
				CLANG_WARN_BLOCK_CAPTURE_AUTORELEASING = YES;
				CLANG_WARN_BOOL_CONVERSION = YES;
				CLANG_WARN_COMMA = YES;
				CLANG_WARN_CONSTANT_CONVERSION = YES;
				CLANG_WARN_DEPRECATED_OBJC_IMPLEMENTATIONS = YES;
				CLANG_WARN_DIRECT_OBJC_ISA_USAGE = YES_ERROR;
				CLANG_WARN_DOCUMENTATION_COMMENTS = YES;
				CLANG_WARN_EMPTY_BODY = YES;
				CLANG_WARN_ENUM_CONVERSION = YES;
				CLANG_WARN_INFINITE_RECURSION = YES;
				CLANG_WARN_INT_CONVERSION = YES;
				CLANG_WARN_NON_LITERAL_NULL_CONVERSION = YES;
				CLANG_WARN_OBJC_IMPLICIT_RETAIN_SELF = YES;
				CLANG_WARN_OBJC_LITERAL_CONVERSION = YES;
				CLANG_WARN_OBJC_ROOT_CLASS = YES_ERROR;
				CLANG_WARN_QUOTED_INCLUDE_IN_FRAMEWORK_HEADER = YES;
				CLANG_WARN_RANGE_LOOP_ANALYSIS = YES;
				CLANG_WARN_STRICT_PROTOTYPES = YES;
				CLANG_WARN_SUSPICIOUS_MOVE = YES;
				CLANG_WARN_UNGUARDED_AVAILABILITY = YES_AGGRESSIVE;
				CLANG_WARN_UNREACHABLE_CODE = YES;
				CLANG_WARN__DUPLICATE_METHOD_MATCH = YES;
				COPY_PHASE_STRIP = NO;
				DEBUG_INFORMATION_FORMAT = "dwarf-with-dsym";
				ENABLE_NS_ASSERTIONS = NO;
				ENABLE_STRICT_OBJC_MSGSEND = YES;
				GCC_C_LANGUAGE_STANDARD = gnu11;
				GCC_NO_COMMON_BLOCKS = YES;
				GCC_WARN_64_TO_32_BIT_CONVERSION = YES;
				GCC_WARN_ABOUT_RETURN_TYPE = YES_ERROR;
				GCC_WARN_UNDECLARED_SELECTOR = YES;
				GCC_WARN_UNINITIALIZED_AUTOS = YES_AGGRESSIVE;
				GCC_WARN_UNUSED_FUNCTION = YES;
				GCC_WARN_UNUSED_VARIABLE = YES;
				IPHONEOS_DEPLOYMENT_TARGET = 14.5;
				MTL_ENABLE_DEBUG_INFO = NO;
				MTL_FAST_MATH = YES;
				SDKROOT = iphoneos;
				SWIFT_COMPILATION_MODE = wholemodule;
				SWIFT_OPTIMIZATION_LEVEL = "-O";
				VALIDATE_PRODUCT = YES;
			};
			name = Release;
		};
		BCEEFEDB26BDC909000A1C67 /* Debug */ = {
			isa = XCBuildConfiguration;
			buildSettings = {
				ASSETCATALOG_COMPILER_APPICON_NAME = AppIcon;
				ASSETCATALOG_COMPILER_GLOBAL_ACCENT_COLOR_NAME = AccentColor;
				CODE_SIGN_STYLE = Automatic;
				DEVELOPMENT_ASSET_PATHS = "\"CoreDataProject/Preview Content\"";
				DEVELOPMENT_TEAM = 68467CPVLE;
				ENABLE_PREVIEWS = YES;
				INFOPLIST_FILE = CoreDataProject/Info.plist;
				IPHONEOS_DEPLOYMENT_TARGET = 14.0;
				LD_RUNPATH_SEARCH_PATHS = (
					"$(inherited)",
					"@executable_path/Frameworks",
				);
				PRODUCT_BUNDLE_IDENTIFIER = biomedicalmuse.CoreDataProject;
				PRODUCT_NAME = "$(TARGET_NAME)";
				SWIFT_VERSION = 5.0;
				TARGETED_DEVICE_FAMILY = "1,2";
			};
			name = Debug;
		};
		BCEEFEDC26BDC909000A1C67 /* Release */ = {
			isa = XCBuildConfiguration;
			buildSettings = {
				ASSETCATALOG_COMPILER_APPICON_NAME = AppIcon;
				ASSETCATALOG_COMPILER_GLOBAL_ACCENT_COLOR_NAME = AccentColor;
				CODE_SIGN_STYLE = Automatic;
				DEVELOPMENT_ASSET_PATHS = "\"CoreDataProject/Preview Content\"";
				DEVELOPMENT_TEAM = 68467CPVLE;
				ENABLE_PREVIEWS = YES;
				INFOPLIST_FILE = CoreDataProject/Info.plist;
				IPHONEOS_DEPLOYMENT_TARGET = 14.0;
				LD_RUNPATH_SEARCH_PATHS = (
					"$(inherited)",
					"@executable_path/Frameworks",
				);
				PRODUCT_BUNDLE_IDENTIFIER = biomedicalmuse.CoreDataProject;
				PRODUCT_NAME = "$(TARGET_NAME)";
				SWIFT_VERSION = 5.0;
				TARGETED_DEVICE_FAMILY = "1,2";
			};
			name = Release;
		};
/* End XCBuildConfiguration section */

/* Begin XCConfigurationList section */
		BCEEFEC626BDC904000A1C67 /* Build configuration list for PBXProject "CoreDataProject" */ = {
			isa = XCConfigurationList;
			buildConfigurations = (
				BCEEFED826BDC909000A1C67 /* Debug */,
				BCEEFED926BDC909000A1C67 /* Release */,
			);
			defaultConfigurationIsVisible = 0;
			defaultConfigurationName = Release;
		};
		BCEEFEDA26BDC909000A1C67 /* Build configuration list for PBXNativeTarget "CoreDataProject" */ = {
			isa = XCConfigurationList;
			buildConfigurations = (
				BCEEFEDB26BDC909000A1C67 /* Debug */,
				BCEEFEDC26BDC909000A1C67 /* Release */,
			);
			defaultConfigurationIsVisible = 0;
			defaultConfigurationName = Release;
		};
/* End XCConfigurationList section */

/* Begin XCVersionGroup section */
		BCEEFEDF26BDD18B000A1C67 /* CoreDataProject.xcdatamodeld */ = {
			isa = XCVersionGroup;
			children = (
				BCEEFEE026BDD18B000A1C67 /* CoreDataProject.xcdatamodel */,
			);
			currentVersion = BCEEFEE026BDD18B000A1C67 /* CoreDataProject.xcdatamodel */;
			path = CoreDataProject.xcdatamodeld;
			sourceTree = "<group>";
			versionGroupType = wrapper.xcdatamodel;
		};
/* End XCVersionGroup section */
	};
	rootObject = BCEEFEC326BDC904000A1C67 /* Project object */;
}
