// !$*UTF8*$!
{
	archiveVersion = 1;
	classes = {
	};
	objectVersion = 50;
	objects = {

/* Begin PBXBuildFile section */
		BC3C61B5267E3A0B0037F870 /* CoreDataProjectApp.swift in Sources */ = {isa = PBXBuildFile; fileRef = BC3C61B4267E3A0B0037F870 /* CoreDataProjectApp.swift */; };
		BC3C61B7267E3A0B0037F870 /* ContentView.swift in Sources */ = {isa = PBXBuildFile; fileRef = BC3C61B6267E3A0B0037F870 /* ContentView.swift */; };
		BC3C61B9267E3A0E0037F870 /* Assets.xcassets in Resources */ = {isa = PBXBuildFile; fileRef = BC3C61B8267E3A0E0037F870 /* Assets.xcassets */; };
		BC3C61BC267E3A0E0037F870 /* Preview Assets.xcassets in Resources */ = {isa = PBXBuildFile; fileRef = BC3C61BB267E3A0E0037F870 /* Preview Assets.xcassets */; };
		BC3C61BE267E3A0E0037F870 /* Persistence.swift in Sources */ = {isa = PBXBuildFile; fileRef = BC3C61BD267E3A0E0037F870 /* Persistence.swift */; };
		BC3C61C1267E3A0E0037F870 /* CoreDataProject.xcdatamodeld in Sources */ = {isa = PBXBuildFile; fileRef = BC3C61BF267E3A0E0037F870 /* CoreDataProject.xcdatamodeld */; };
		BC3C61CA267E52290037F870 /* Movie+CoreDataClass.swift in Sources */ = {isa = PBXBuildFile; fileRef = BC3C61C8267E52290037F870 /* Movie+CoreDataClass.swift */; };
		BC3C61CB267E52290037F870 /* Movie+CoreDataProperties.swift in Sources */ = {isa = PBXBuildFile; fileRef = BC3C61C9267E52290037F870 /* Movie+CoreDataProperties.swift */; };
		BC628C1C267F8BA9005F8555 /* Singer+CoreDataClass.swift in Sources */ = {isa = PBXBuildFile; fileRef = BC628C1A267F8BA9005F8555 /* Singer+CoreDataClass.swift */; };
		BC628C1D267F8BA9005F8555 /* Singer+CoreDataProperties.swift in Sources */ = {isa = PBXBuildFile; fileRef = BC628C1B267F8BA9005F8555 /* Singer+CoreDataProperties.swift */; };
		BC628C1F267F8D95005F8555 /* FilteredList.swift in Sources */ = {isa = PBXBuildFile; fileRef = BC628C1E267F8D95005F8555 /* FilteredList.swift */; };
		BC628C21267F926E005F8555 /* ShipsView.swift in Sources */ = {isa = PBXBuildFile; fileRef = BC628C20267F926E005F8555 /* ShipsView.swift */; };
		BC628C28267FB5E4005F8555 /* Candy+CoreDataClass.swift in Sources */ = {isa = PBXBuildFile; fileRef = BC628C24267FB5E4005F8555 /* Candy+CoreDataClass.swift */; };
		BC628C29267FB5E4005F8555 /* Candy+CoreDataProperties.swift in Sources */ = {isa = PBXBuildFile; fileRef = BC628C25267FB5E4005F8555 /* Candy+CoreDataProperties.swift */; };
		BC628C2A267FB5E4005F8555 /* Country+CoreDataClass.swift in Sources */ = {isa = PBXBuildFile; fileRef = BC628C26267FB5E4005F8555 /* Country+CoreDataClass.swift */; };
		BC628C2B267FB5E4005F8555 /* Country+CoreDataProperties.swift in Sources */ = {isa = PBXBuildFile; fileRef = BC628C27267FB5E4005F8555 /* Country+CoreDataProperties.swift */; };
		BC628C2D267FB71B005F8555 /* FilteredListView.swift in Sources */ = {isa = PBXBuildFile; fileRef = BC628C2C267FB71B005F8555 /* FilteredListView.swift */; };
/* End PBXBuildFile section */

/* Begin PBXFileReference section */
		BC3C61B1267E3A0B0037F870 /* CoreDataProject.app */ = {isa = PBXFileReference; explicitFileType = wrapper.application; includeInIndex = 0; path = CoreDataProject.app; sourceTree = BUILT_PRODUCTS_DIR; };
		BC3C61B4267E3A0B0037F870 /* CoreDataProjectApp.swift */ = {isa = PBXFileReference; lastKnownFileType = sourcecode.swift; path = CoreDataProjectApp.swift; sourceTree = "<group>"; };
		BC3C61B6267E3A0B0037F870 /* ContentView.swift */ = {isa = PBXFileReference; lastKnownFileType = sourcecode.swift; path = ContentView.swift; sourceTree = "<group>"; };
		BC3C61B8267E3A0E0037F870 /* Assets.xcassets */ = {isa = PBXFileReference; lastKnownFileType = folder.assetcatalog; path = Assets.xcassets; sourceTree = "<group>"; };
		BC3C61BB267E3A0E0037F870 /* Preview Assets.xcassets */ = {isa = PBXFileReference; lastKnownFileType = folder.assetcatalog; path = "Preview Assets.xcassets"; sourceTree = "<group>"; };
		BC3C61BD267E3A0E0037F870 /* Persistence.swift */ = {isa = PBXFileReference; lastKnownFileType = sourcecode.swift; path = Persistence.swift; sourceTree = "<group>"; };
		BC3C61C0267E3A0E0037F870 /* CoreDataProject.xcdatamodel */ = {isa = PBXFileReference; lastKnownFileType = wrapper.xcdatamodel; path = CoreDataProject.xcdatamodel; sourceTree = "<group>"; };
		BC3C61C2267E3A0E0037F870 /* Info.plist */ = {isa = PBXFileReference; lastKnownFileType = text.plist.xml; path = Info.plist; sourceTree = "<group>"; };
		BC3C61C8267E52290037F870 /* Movie+CoreDataClass.swift */ = {isa = PBXFileReference; lastKnownFileType = sourcecode.swift; path = "Movie+CoreDataClass.swift"; sourceTree = "<group>"; };
		BC3C61C9267E52290037F870 /* Movie+CoreDataProperties.swift */ = {isa = PBXFileReference; lastKnownFileType = sourcecode.swift; path = "Movie+CoreDataProperties.swift"; sourceTree = "<group>"; };
		BC628C1A267F8BA9005F8555 /* Singer+CoreDataClass.swift */ = {isa = PBXFileReference; lastKnownFileType = sourcecode.swift; path = "Singer+CoreDataClass.swift"; sourceTree = "<group>"; };
		BC628C1B267F8BA9005F8555 /* Singer+CoreDataProperties.swift */ = {isa = PBXFileReference; lastKnownFileType = sourcecode.swift; path = "Singer+CoreDataProperties.swift"; sourceTree = "<group>"; };
		BC628C1E267F8D95005F8555 /* FilteredList.swift */ = {isa = PBXFileReference; lastKnownFileType = sourcecode.swift; path = FilteredList.swift; sourceTree = "<group>"; };
		BC628C20267F926E005F8555 /* ShipsView.swift */ = {isa = PBXFileReference; lastKnownFileType = sourcecode.swift; path = ShipsView.swift; sourceTree = "<group>"; };
		BC628C24267FB5E4005F8555 /* Candy+CoreDataClass.swift */ = {isa = PBXFileReference; lastKnownFileType = sourcecode.swift; path = "Candy+CoreDataClass.swift"; sourceTree = "<group>"; };
		BC628C25267FB5E4005F8555 /* Candy+CoreDataProperties.swift */ = {isa = PBXFileReference; lastKnownFileType = sourcecode.swift; path = "Candy+CoreDataProperties.swift"; sourceTree = "<group>"; };
		BC628C26267FB5E4005F8555 /* Country+CoreDataClass.swift */ = {isa = PBXFileReference; lastKnownFileType = sourcecode.swift; path = "Country+CoreDataClass.swift"; sourceTree = "<group>"; };
		BC628C27267FB5E4005F8555 /* Country+CoreDataProperties.swift */ = {isa = PBXFileReference; lastKnownFileType = sourcecode.swift; path = "Country+CoreDataProperties.swift"; sourceTree = "<group>"; };
		BC628C2C267FB71B005F8555 /* FilteredListView.swift */ = {isa = PBXFileReference; lastKnownFileType = sourcecode.swift; path = FilteredListView.swift; sourceTree = "<group>"; };
/* End PBXFileReference section */

/* Begin PBXFrameworksBuildPhase section */
		BC3C61AE267E3A0B0037F870 /* Frameworks */ = {
			isa = PBXFrameworksBuildPhase;
			buildActionMask = 2147483647;
			files = (
			);
			runOnlyForDeploymentPostprocessing = 0;
		};
/* End PBXFrameworksBuildPhase section */

/* Begin PBXGroup section */
		BC3C61A8267E3A0A0037F870 = {
			isa = PBXGroup;
			children = (
				BC3C61B3267E3A0B0037F870 /* CoreDataProject */,
				BC3C61B2267E3A0B0037F870 /* Products */,
			);
			sourceTree = "<group>";
		};
		BC3C61B2267E3A0B0037F870 /* Products */ = {
			isa = PBXGroup;
			children = (
				BC3C61B1267E3A0B0037F870 /* CoreDataProject.app */,
			);
			name = Products;
			sourceTree = "<group>";
		};
		BC3C61B3267E3A0B0037F870 /* CoreDataProject */ = {
			isa = PBXGroup;
			children = (
				BC628C24267FB5E4005F8555 /* Candy+CoreDataClass.swift */,
				BC628C25267FB5E4005F8555 /* Candy+CoreDataProperties.swift */,
				BC628C26267FB5E4005F8555 /* Country+CoreDataClass.swift */,
				BC628C27267FB5E4005F8555 /* Country+CoreDataProperties.swift */,
				BC628C1A267F8BA9005F8555 /* Singer+CoreDataClass.swift */,
				BC628C1B267F8BA9005F8555 /* Singer+CoreDataProperties.swift */,
				BC3C61C8267E52290037F870 /* Movie+CoreDataClass.swift */,
				BC3C61C9267E52290037F870 /* Movie+CoreDataProperties.swift */,
				BC3C61B4267E3A0B0037F870 /* CoreDataProjectApp.swift */,
				BC3C61B6267E3A0B0037F870 /* ContentView.swift */,
				BC628C2C267FB71B005F8555 /* FilteredListView.swift */,
				BC628C1E267F8D95005F8555 /* FilteredList.swift */,
				BC628C20267F926E005F8555 /* ShipsView.swift */,
				BC3C61B8267E3A0E0037F870 /* Assets.xcassets */,
				BC3C61BD267E3A0E0037F870 /* Persistence.swift */,
				BC3C61C2267E3A0E0037F870 /* Info.plist */,
				BC3C61BF267E3A0E0037F870 /* CoreDataProject.xcdatamodeld */,
				BC3C61BA267E3A0E0037F870 /* Preview Content */,
			);
			path = CoreDataProject;
			sourceTree = "<group>";
		};
		BC3C61BA267E3A0E0037F870 /* Preview Content */ = {
			isa = PBXGroup;
			children = (
				BC3C61BB267E3A0E0037F870 /* Preview Assets.xcassets */,
			);
			path = "Preview Content";
			sourceTree = "<group>";
		};
/* End PBXGroup section */

/* Begin PBXNativeTarget section */
		BC3C61B0267E3A0B0037F870 /* CoreDataProject */ = {
			isa = PBXNativeTarget;
			buildConfigurationList = BC3C61C5267E3A0E0037F870 /* Build configuration list for PBXNativeTarget "CoreDataProject" */;
			buildPhases = (
				BC3C61AD267E3A0B0037F870 /* Sources */,
				BC3C61AE267E3A0B0037F870 /* Frameworks */,
				BC3C61AF267E3A0B0037F870 /* Resources */,
			);
			buildRules = (
			);
			dependencies = (
			);
			name = CoreDataProject;
			productName = CoreDataProject;
			productReference = BC3C61B1267E3A0B0037F870 /* CoreDataProject.app */;
			productType = "com.apple.product-type.application";
		};
/* End PBXNativeTarget section */

/* Begin PBXProject section */
		BC3C61A9267E3A0A0037F870 /* Project object */ = {
			isa = PBXProject;
			attributes = {
				LastSwiftUpdateCheck = 1250;
				LastUpgradeCheck = 1250;
				TargetAttributes = {
					BC3C61B0267E3A0B0037F870 = {
						CreatedOnToolsVersion = 12.5;
					};
				};
			};
			buildConfigurationList = BC3C61AC267E3A0A0037F870 /* Build configuration list for PBXProject "CoreDataProject" */;
			compatibilityVersion = "Xcode 9.3";
			developmentRegion = en;
			hasScannedForEncodings = 0;
			knownRegions = (
				en,
				Base,
			);
			mainGroup = BC3C61A8267E3A0A0037F870;
			productRefGroup = BC3C61B2267E3A0B0037F870 /* Products */;
			projectDirPath = "";
			projectRoot = "";
			targets = (
				BC3C61B0267E3A0B0037F870 /* CoreDataProject */,
			);
		};
/* End PBXProject section */

/* Begin PBXResourcesBuildPhase section */
		BC3C61AF267E3A0B0037F870 /* Resources */ = {
			isa = PBXResourcesBuildPhase;
			buildActionMask = 2147483647;
			files = (
				BC3C61BC267E3A0E0037F870 /* Preview Assets.xcassets in Resources */,
				BC3C61B9267E3A0E0037F870 /* Assets.xcassets in Resources */,
			);
			runOnlyForDeploymentPostprocessing = 0;
		};
/* End PBXResourcesBuildPhase section */

/* Begin PBXSourcesBuildPhase section */
		BC3C61AD267E3A0B0037F870 /* Sources */ = {
			isa = PBXSourcesBuildPhase;
			buildActionMask = 2147483647;
			files = (
				BC628C21267F926E005F8555 /* ShipsView.swift in Sources */,
				BC628C1C267F8BA9005F8555 /* Singer+CoreDataClass.swift in Sources */,
				BC628C2B267FB5E4005F8555 /* Country+CoreDataProperties.swift in Sources */,
				BC3C61BE267E3A0E0037F870 /* Persistence.swift in Sources */,
				BC628C29267FB5E4005F8555 /* Candy+CoreDataProperties.swift in Sources */,
				BC628C2D267FB71B005F8555 /* FilteredListView.swift in Sources */,
				BC628C1F267F8D95005F8555 /* FilteredList.swift in Sources */,
				BC628C28267FB5E4005F8555 /* Candy+CoreDataClass.swift in Sources */,
				BC628C2A267FB5E4005F8555 /* Country+CoreDataClass.swift in Sources */,
				BC3C61B7267E3A0B0037F870 /* ContentView.swift in Sources */,
				BC3C61C1267E3A0E0037F870 /* CoreDataProject.xcdatamodeld in Sources */,
				BC3C61CA267E52290037F870 /* Movie+CoreDataClass.swift in Sources */,
				BC628C1D267F8BA9005F8555 /* Singer+CoreDataProperties.swift in Sources */,
				BC3C61CB267E52290037F870 /* Movie+CoreDataProperties.swift in Sources */,
				BC3C61B5267E3A0B0037F870 /* CoreDataProjectApp.swift in Sources */,
			);
			runOnlyForDeploymentPostprocessing = 0;
		};
/* End PBXSourcesBuildPhase section */

/* Begin XCBuildConfiguration section */
		BC3C61C3267E3A0E0037F870 /* Debug */ = {
			isa = XCBuildConfiguration;
			buildSettings = {
				ALWAYS_SEARCH_USER_PATHS = NO;
				CLANG_ANALYZER_NONNULL = YES;
				CLANG_ANALYZER_NUMBER_OBJECT_CONVERSION = YES_AGGRESSIVE;
				CLANG_CXX_LANGUAGE_STANDARD = "gnu++14";
				CLANG_CXX_LIBRARY = "libc++";
				CLANG_ENABLE_MODULES = YES;
				CLANG_ENABLE_OBJC_ARC = YES;
				CLANG_ENABLE_OBJC_WEAK = YES;
				CLANG_WARN_BLOCK_CAPTURE_AUTORELEASING = YES;
				CLANG_WARN_BOOL_CONVERSION = YES;
				CLANG_WARN_COMMA = YES;
				CLANG_WARN_CONSTANT_CONVERSION = YES;
				CLANG_WARN_DEPRECATED_OBJC_IMPLEMENTATIONS = YES;
				CLANG_WARN_DIRECT_OBJC_ISA_USAGE = YES_ERROR;
				CLANG_WARN_DOCUMENTATION_COMMENTS = YES;
				CLANG_WARN_EMPTY_BODY = YES;
				CLANG_WARN_ENUM_CONVERSION = YES;
				CLANG_WARN_INFINITE_RECURSION = YES;
				CLANG_WARN_INT_CONVERSION = YES;
				CLANG_WARN_NON_LITERAL_NULL_CONVERSION = YES;
				CLANG_WARN_OBJC_IMPLICIT_RETAIN_SELF = YES;
				CLANG_WARN_OBJC_LITERAL_CONVERSION = YES;
				CLANG_WARN_OBJC_ROOT_CLASS = YES_ERROR;
				CLANG_WARN_QUOTED_INCLUDE_IN_FRAMEWORK_HEADER = YES;
				CLANG_WARN_RANGE_LOOP_ANALYSIS = YES;
				CLANG_WARN_STRICT_PROTOTYPES = YES;
				CLANG_WARN_SUSPICIOUS_MOVE = YES;
				CLANG_WARN_UNGUARDED_AVAILABILITY = YES_AGGRESSIVE;
				CLANG_WARN_UNREACHABLE_CODE = YES;
				CLANG_WARN__DUPLICATE_METHOD_MATCH = YES;
				COPY_PHASE_STRIP = NO;
				DEBUG_INFORMATION_FORMAT = dwarf;
				ENABLE_STRICT_OBJC_MSGSEND = YES;
				ENABLE_TESTABILITY = YES;
				GCC_C_LANGUAGE_STANDARD = gnu11;
				GCC_DYNAMIC_NO_PIC = NO;
				GCC_NO_COMMON_BLOCKS = YES;
				GCC_OPTIMIZATION_LEVEL = 0;
				GCC_PREPROCESSOR_DEFINITIONS = (
					"DEBUG=1",
					"$(inherited)",
				);
				GCC_WARN_64_TO_32_BIT_CONVERSION = YES;
				GCC_WARN_ABOUT_RETURN_TYPE = YES_ERROR;
				GCC_WARN_UNDECLARED_SELECTOR = YES;
				GCC_WARN_UNINITIALIZED_AUTOS = YES_AGGRESSIVE;
				GCC_WARN_UNUSED_FUNCTION = YES;
				GCC_WARN_UNUSED_VARIABLE = YES;
				IPHONEOS_DEPLOYMENT_TARGET = 14.5;
				MTL_ENABLE_DEBUG_INFO = INCLUDE_SOURCE;
				MTL_FAST_MATH = YES;
				ONLY_ACTIVE_ARCH = YES;
				SDKROOT = iphoneos;
				SWIFT_ACTIVE_COMPILATION_CONDITIONS = DEBUG;
				SWIFT_OPTIMIZATION_LEVEL = "-Onone";
			};
			name = Debug;
		};
		BC3C61C4267E3A0E0037F870 /* Release */ = {
			isa = XCBuildConfiguration;
			buildSettings = {
				ALWAYS_SEARCH_USER_PATHS = NO;
				CLANG_ANALYZER_NONNULL = YES;
				CLANG_ANALYZER_NUMBER_OBJECT_CONVERSION = YES_AGGRESSIVE;
				CLANG_CXX_LANGUAGE_STANDARD = "gnu++14";
				CLANG_CXX_LIBRARY = "libc++";
				CLANG_ENABLE_MODULES = YES;
				CLANG_ENABLE_OBJC_ARC = YES;
				CLANG_ENABLE_OBJC_WEAK = YES;
				CLANG_WARN_BLOCK_CAPTURE_AUTORELEASING = YES;
				CLANG_WARN_BOOL_CONVERSION = YES;
				CLANG_WARN_COMMA = YES;
				CLANG_WARN_CONSTANT_CONVERSION = YES;
				CLANG_WARN_DEPRECATED_OBJC_IMPLEMENTATIONS = YES;
				CLANG_WARN_DIRECT_OBJC_ISA_USAGE = YES_ERROR;
				CLANG_WARN_DOCUMENTATION_COMMENTS = YES;
				CLANG_WARN_EMPTY_BODY = YES;
				CLANG_WARN_ENUM_CONVERSION = YES;
				CLANG_WARN_INFINITE_RECURSION = YES;
				CLANG_WARN_INT_CONVERSION = YES;
				CLANG_WARN_NON_LITERAL_NULL_CONVERSION = YES;
				CLANG_WARN_OBJC_IMPLICIT_RETAIN_SELF = YES;
				CLANG_WARN_OBJC_LITERAL_CONVERSION = YES;
				CLANG_WARN_OBJC_ROOT_CLASS = YES_ERROR;
				CLANG_WARN_QUOTED_INCLUDE_IN_FRAMEWORK_HEADER = YES;
				CLANG_WARN_RANGE_LOOP_ANALYSIS = YES;
				CLANG_WARN_STRICT_PROTOTYPES = YES;
				CLANG_WARN_SUSPICIOUS_MOVE = YES;
				CLANG_WARN_UNGUARDED_AVAILABILITY = YES_AGGRESSIVE;
				CLANG_WARN_UNREACHABLE_CODE = YES;
				CLANG_WARN__DUPLICATE_METHOD_MATCH = YES;
				COPY_PHASE_STRIP = NO;
				DEBUG_INFORMATION_FORMAT = "dwarf-with-dsym";
				ENABLE_NS_ASSERTIONS = NO;
				ENABLE_STRICT_OBJC_MSGSEND = YES;
				GCC_C_LANGUAGE_STANDARD = gnu11;
				GCC_NO_COMMON_BLOCKS = YES;
				GCC_WARN_64_TO_32_BIT_CONVERSION = YES;
				GCC_WARN_ABOUT_RETURN_TYPE = YES_ERROR;
				GCC_WARN_UNDECLARED_SELECTOR = YES;
				GCC_WARN_UNINITIALIZED_AUTOS = YES_AGGRESSIVE;
				GCC_WARN_UNUSED_FUNCTION = YES;
				GCC_WARN_UNUSED_VARIABLE = YES;
				IPHONEOS_DEPLOYMENT_TARGET = 14.5;
				MTL_ENABLE_DEBUG_INFO = NO;
				MTL_FAST_MATH = YES;
				SDKROOT = iphoneos;
				SWIFT_COMPILATION_MODE = wholemodule;
				SWIFT_OPTIMIZATION_LEVEL = "-O";
				VALIDATE_PRODUCT = YES;
			};
			name = Release;
		};
		BC3C61C6267E3A0E0037F870 /* Debug */ = {
			isa = XCBuildConfiguration;
			buildSettings = {
				ASSETCATALOG_COMPILER_APPICON_NAME = AppIcon;
				ASSETCATALOG_COMPILER_GLOBAL_ACCENT_COLOR_NAME = AccentColor;
				CODE_SIGN_STYLE = Automatic;
				DEVELOPMENT_ASSET_PATHS = "\"CoreDataProject/Preview Content\"";
				DEVELOPMENT_TEAM = 68467CPVLE;
				ENABLE_PREVIEWS = YES;
				INFOPLIST_FILE = CoreDataProject/Info.plist;
				IPHONEOS_DEPLOYMENT_TARGET = 14.0;
				LD_RUNPATH_SEARCH_PATHS = (
					"$(inherited)",
					"@executable_path/Frameworks",
				);
				PRODUCT_BUNDLE_IDENTIFIER = biomedicalmuse.CoreDataProject;
				PRODUCT_NAME = "$(TARGET_NAME)";
				SWIFT_VERSION = 5.0;
				TARGETED_DEVICE_FAMILY = "1,2";
			};
			name = Debug;
		};
		BC3C61C7267E3A0E0037F870 /* Release */ = {
			isa = XCBuildConfiguration;
			buildSettings = {
				ASSETCATALOG_COMPILER_APPICON_NAME = AppIcon;
				ASSETCATALOG_COMPILER_GLOBAL_ACCENT_COLOR_NAME = AccentColor;
				CODE_SIGN_STYLE = Automatic;
				DEVELOPMENT_ASSET_PATHS = "\"CoreDataProject/Preview Content\"";
				DEVELOPMENT_TEAM = 68467CPVLE;
				ENABLE_PREVIEWS = YES;
				INFOPLIST_FILE = CoreDataProject/Info.plist;
				IPHONEOS_DEPLOYMENT_TARGET = 14.0;
				LD_RUNPATH_SEARCH_PATHS = (
					"$(inherited)",
					"@executable_path/Frameworks",
				);
				PRODUCT_BUNDLE_IDENTIFIER = biomedicalmuse.CoreDataProject;
				PRODUCT_NAME = "$(TARGET_NAME)";
				SWIFT_VERSION = 5.0;
				TARGETED_DEVICE_FAMILY = "1,2";
			};
			name = Release;
		};
/* End XCBuildConfiguration section */

/* Begin XCConfigurationList section */
		BC3C61AC267E3A0A0037F870 /* Build configuration list for PBXProject "CoreDataProject" */ = {
			isa = XCConfigurationList;
			buildConfigurations = (
				BC3C61C3267E3A0E0037F870 /* Debug */,
				BC3C61C4267E3A0E0037F870 /* Release */,
			);
			defaultConfigurationIsVisible = 0;
			defaultConfigurationName = Release;
		};
		BC3C61C5267E3A0E0037F870 /* Build configuration list for PBXNativeTarget "CoreDataProject" */ = {
			isa = XCConfigurationList;
			buildConfigurations = (
				BC3C61C6267E3A0E0037F870 /* Debug */,
				BC3C61C7267E3A0E0037F870 /* Release */,
			);
			defaultConfigurationIsVisible = 0;
			defaultConfigurationName = Release;
		};
/* End XCConfigurationList section */

/* Begin XCVersionGroup section */
		BC3C61BF267E3A0E0037F870 /* CoreDataProject.xcdatamodeld */ = {
			isa = XCVersionGroup;
			children = (
				BC3C61C0267E3A0E0037F870 /* CoreDataProject.xcdatamodel */,
			);
			currentVersion = BC3C61C0267E3A0E0037F870 /* CoreDataProject.xcdatamodel */;
			path = CoreDataProject.xcdatamodeld;
			sourceTree = "<group>";
			versionGroupType = wrapper.xcdatamodel;
		};
/* End XCVersionGroup section */
	};
	rootObject = BC3C61A9267E3A0A0037F870 /* Project object */;
}
