// !$*UTF8*$!
{
	archiveVersion = 1;
	classes = {
	};
	objectVersion = 50;
	objects = {

/* Begin PBXBuildFile section */
		BC04FBBA248D4CC600FB8184 /* AppDelegate.swift in Sources */ = {isa = PBXBuildFile; fileRef = BC04FBB9248D4CC600FB8184 /* AppDelegate.swift */; };
		BC04FBBC248D4CC600FB8184 /* SceneDelegate.swift in Sources */ = {isa = PBXBuildFile; fileRef = BC04FBBB248D4CC600FB8184 /* SceneDelegate.swift */; };
		BC04FBBE248D4CC600FB8184 /* ContentView.swift in Sources */ = {isa = PBXBuildFile; fileRef = BC04FBBD248D4CC600FB8184 /* ContentView.swift */; };
		BC04FBC0248D4CCA00FB8184 /* Assets.xcassets in Resources */ = {isa = PBXBuildFile; fileRef = BC04FBBF248D4CCA00FB8184 /* Assets.xcassets */; };
		BC04FBC3248D4CCA00FB8184 /* Preview Assets.xcassets in Resources */ = {isa = PBXBuildFile; fileRef = BC04FBC2248D4CCA00FB8184 /* Preview Assets.xcassets */; };
		BC04FBC6248D4CCA00FB8184 /* LaunchScreen.storyboard in Resources */ = {isa = PBXBuildFile; fileRef = BC04FBC4248D4CCA00FB8184 /* LaunchScreen.storyboard */; };
		BC04FBD4248D80D600FB8184 /* TriangleView.swift in Sources */ = {isa = PBXBuildFile; fileRef = BC04FBD3248D80D600FB8184 /* TriangleView.swift */; };
		BC04FBD6248D81AB00FB8184 /* ArcView.swift in Sources */ = {isa = PBXBuildFile; fileRef = BC04FBD5248D81AB00FB8184 /* ArcView.swift */; };
		BC04FBD8248D846F00FB8184 /* FlowerView.swift in Sources */ = {isa = PBXBuildFile; fileRef = BC04FBD7248D846F00FB8184 /* FlowerView.swift */; };
		BC0DBED22491A9F800EF1F8A /* Arrow.swift in Sources */ = {isa = PBXBuildFile; fileRef = BC0DBED12491A9F700EF1F8A /* Arrow.swift */; };
		BC0DBED42491BE9C00EF1F8A /* ColorCyclingRectangle.swift in Sources */ = {isa = PBXBuildFile; fileRef = BC0DBED32491BE9C00EF1F8A /* ColorCyclingRectangle.swift */; };
		BC26795F248DB519004D1914 /* ImagePaintView.swift in Sources */ = {isa = PBXBuildFile; fileRef = BC26795E248DB519004D1914 /* ImagePaintView.swift */; };
		BC294B61248F10AF00726AC0 /* ColorCyclingView.swift in Sources */ = {isa = PBXBuildFile; fileRef = BC294B60248F10AF00726AC0 /* ColorCyclingView.swift */; };
		BC294B63248F14A700726AC0 /* BlendModeView.swift in Sources */ = {isa = PBXBuildFile; fileRef = BC294B62248F14A700726AC0 /* BlendModeView.swift */; };
		BC294B65248F159800726AC0 /* BlurryView.swift in Sources */ = {isa = PBXBuildFile; fileRef = BC294B64248F159800726AC0 /* BlurryView.swift */; };
		BC294B67248F186800726AC0 /* AnimatableTrapezoidView.swift in Sources */ = {isa = PBXBuildFile; fileRef = BC294B66248F186800726AC0 /* AnimatableTrapezoidView.swift */; };
		BC294B69248F1A1700726AC0 /* CheckerboardView.swift in Sources */ = {isa = PBXBuildFile; fileRef = BC294B68248F1A1700726AC0 /* CheckerboardView.swift */; };
/* End PBXBuildFile section */

/* Begin PBXFileReference section */
		BC04FBB6248D4CC500FB8184 /* Drawing.app */ = {isa = PBXFileReference; explicitFileType = wrapper.application; includeInIndex = 0; path = Drawing.app; sourceTree = BUILT_PRODUCTS_DIR; };
		BC04FBB9248D4CC600FB8184 /* AppDelegate.swift */ = {isa = PBXFileReference; lastKnownFileType = sourcecode.swift; path = AppDelegate.swift; sourceTree = "<group>"; };
		BC04FBBB248D4CC600FB8184 /* SceneDelegate.swift */ = {isa = PBXFileReference; lastKnownFileType = sourcecode.swift; path = SceneDelegate.swift; sourceTree = "<group>"; };
		BC04FBBD248D4CC600FB8184 /* ContentView.swift */ = {isa = PBXFileReference; lastKnownFileType = sourcecode.swift; path = ContentView.swift; sourceTree = "<group>"; };
		BC04FBBF248D4CCA00FB8184 /* Assets.xcassets */ = {isa = PBXFileReference; lastKnownFileType = folder.assetcatalog; path = Assets.xcassets; sourceTree = "<group>"; };
		BC04FBC2248D4CCA00FB8184 /* Preview Assets.xcassets */ = {isa = PBXFileReference; lastKnownFileType = folder.assetcatalog; path = "Preview Assets.xcassets"; sourceTree = "<group>"; };
		BC04FBC5248D4CCA00FB8184 /* Base */ = {isa = PBXFileReference; lastKnownFileType = file.storyboard; name = Base; path = Base.lproj/LaunchScreen.storyboard; sourceTree = "<group>"; };
		BC04FBC7248D4CCA00FB8184 /* Info.plist */ = {isa = PBXFileReference; lastKnownFileType = text.plist.xml; path = Info.plist; sourceTree = "<group>"; };
		BC04FBD3248D80D600FB8184 /* TriangleView.swift */ = {isa = PBXFileReference; lastKnownFileType = sourcecode.swift; name = TriangleView.swift; path = ../TriangleView.swift; sourceTree = "<group>"; };
		BC04FBD5248D81AB00FB8184 /* ArcView.swift */ = {isa = PBXFileReference; lastKnownFileType = sourcecode.swift; path = ArcView.swift; sourceTree = "<group>"; };
		BC04FBD7248D846F00FB8184 /* FlowerView.swift */ = {isa = PBXFileReference; lastKnownFileType = sourcecode.swift; path = FlowerView.swift; sourceTree = "<group>"; };
		BC0DBED12491A9F700EF1F8A /* Arrow.swift */ = {isa = PBXFileReference; lastKnownFileType = sourcecode.swift; path = Arrow.swift; sourceTree = "<group>"; };
		BC0DBED32491BE9C00EF1F8A /* ColorCyclingRectangle.swift */ = {isa = PBXFileReference; lastKnownFileType = sourcecode.swift; path = ColorCyclingRectangle.swift; sourceTree = "<group>"; };
		BC26795E248DB519004D1914 /* ImagePaintView.swift */ = {isa = PBXFileReference; lastKnownFileType = sourcecode.swift; path = ImagePaintView.swift; sourceTree = "<group>"; };
		BC294B60248F10AF00726AC0 /* ColorCyclingView.swift */ = {isa = PBXFileReference; lastKnownFileType = sourcecode.swift; path = ColorCyclingView.swift; sourceTree = "<group>"; };
		BC294B62248F14A700726AC0 /* BlendModeView.swift */ = {isa = PBXFileReference; lastKnownFileType = sourcecode.swift; path = BlendModeView.swift; sourceTree = "<group>"; };
		BC294B64248F159800726AC0 /* BlurryView.swift */ = {isa = PBXFileReference; lastKnownFileType = sourcecode.swift; path = BlurryView.swift; sourceTree = "<group>"; };
		BC294B66248F186800726AC0 /* AnimatableTrapezoidView.swift */ = {isa = PBXFileReference; lastKnownFileType = sourcecode.swift; path = AnimatableTrapezoidView.swift; sourceTree = "<group>"; };
		BC294B68248F1A1700726AC0 /* CheckerboardView.swift */ = {isa = PBXFileReference; lastKnownFileType = sourcecode.swift; path = CheckerboardView.swift; sourceTree = "<group>"; };
/* End PBXFileReference section */

/* Begin PBXFrameworksBuildPhase section */
		BC04FBB3248D4CC500FB8184 /* Frameworks */ = {
			isa = PBXFrameworksBuildPhase;
			buildActionMask = 2147483647;
			files = (
			);
			runOnlyForDeploymentPostprocessing = 0;
		};
/* End PBXFrameworksBuildPhase section */

/* Begin PBXGroup section */
		BC04FBAD248D4CC500FB8184 = {
			isa = PBXGroup;
			children = (
				BC04FBB8248D4CC500FB8184 /* Drawing */,
				BC04FBB7248D4CC500FB8184 /* Products */,
			);
			sourceTree = "<group>";
		};
		BC04FBB7248D4CC500FB8184 /* Products */ = {
			isa = PBXGroup;
			children = (
				BC04FBB6248D4CC500FB8184 /* Drawing.app */,
			);
			name = Products;
			sourceTree = "<group>";
		};
		BC04FBB8248D4CC500FB8184 /* Drawing */ = {
			isa = PBXGroup;
			children = (
				BC0DBED12491A9F700EF1F8A /* Arrow.swift */,
				BC04FBD3248D80D600FB8184 /* TriangleView.swift */,
				BC04FBD5248D81AB00FB8184 /* ArcView.swift */,
				BC04FBD7248D846F00FB8184 /* FlowerView.swift */,
				BC26795E248DB519004D1914 /* ImagePaintView.swift */,
				BC294B60248F10AF00726AC0 /* ColorCyclingView.swift */,
				BC0DBED32491BE9C00EF1F8A /* ColorCyclingRectangle.swift */,
				BC294B62248F14A700726AC0 /* BlendModeView.swift */,
				BC294B64248F159800726AC0 /* BlurryView.swift */,
				BC294B66248F186800726AC0 /* AnimatableTrapezoidView.swift */,
				BC294B68248F1A1700726AC0 /* CheckerboardView.swift */,
				BC04FBBD248D4CC600FB8184 /* ContentView.swift */,
				BC04FBB9248D4CC600FB8184 /* AppDelegate.swift */,
				BC04FBBB248D4CC600FB8184 /* SceneDelegate.swift */,
				BC04FBBF248D4CCA00FB8184 /* Assets.xcassets */,
				BC04FBC4248D4CCA00FB8184 /* LaunchScreen.storyboard */,
				BC04FBC7248D4CCA00FB8184 /* Info.plist */,
				BC04FBC1248D4CCA00FB8184 /* Preview Content */,
			);
			path = Drawing;
			sourceTree = "<group>";
		};
		BC04FBC1248D4CCA00FB8184 /* Preview Content */ = {
			isa = PBXGroup;
			children = (
				BC04FBC2248D4CCA00FB8184 /* Preview Assets.xcassets */,
			);
			path = "Preview Content";
			sourceTree = "<group>";
		};
/* End PBXGroup section */

/* Begin PBXNativeTarget section */
		BC04FBB5248D4CC500FB8184 /* Drawing */ = {
			isa = PBXNativeTarget;
			buildConfigurationList = BC04FBCA248D4CCA00FB8184 /* Build configuration list for PBXNativeTarget "Drawing" */;
			buildPhases = (
				BC04FBB2248D4CC500FB8184 /* Sources */,
				BC04FBB3248D4CC500FB8184 /* Frameworks */,
				BC04FBB4248D4CC500FB8184 /* Resources */,
			);
			buildRules = (
			);
			dependencies = (
			);
			name = Drawing;
			productName = Drawing;
			productReference = BC04FBB6248D4CC500FB8184 /* Drawing.app */;
			productType = "com.apple.product-type.application";
		};
/* End PBXNativeTarget section */

/* Begin PBXProject section */
		BC04FBAE248D4CC500FB8184 /* Project object */ = {
			isa = PBXProject;
			attributes = {
				LastSwiftUpdateCheck = 1150;
				LastUpgradeCheck = 1150;
				ORGANIZATIONNAME = "Natasha Godwin";
				TargetAttributes = {
					BC04FBB5248D4CC500FB8184 = {
						CreatedOnToolsVersion = 11.5;
					};
				};
			};
			buildConfigurationList = BC04FBB1248D4CC500FB8184 /* Build configuration list for PBXProject "Drawing" */;
			compatibilityVersion = "Xcode 9.3";
			developmentRegion = en;
			hasScannedForEncodings = 0;
			knownRegions = (
				en,
				Base,
			);
			mainGroup = BC04FBAD248D4CC500FB8184;
			productRefGroup = BC04FBB7248D4CC500FB8184 /* Products */;
			projectDirPath = "";
			projectRoot = "";
			targets = (
				BC04FBB5248D4CC500FB8184 /* Drawing */,
			);
		};
/* End PBXProject section */

/* Begin PBXResourcesBuildPhase section */
		BC04FBB4248D4CC500FB8184 /* Resources */ = {
			isa = PBXResourcesBuildPhase;
			buildActionMask = 2147483647;
			files = (
				BC04FBC6248D4CCA00FB8184 /* LaunchScreen.storyboard in Resources */,
				BC04FBC3248D4CCA00FB8184 /* Preview Assets.xcassets in Resources */,
				BC04FBC0248D4CCA00FB8184 /* Assets.xcassets in Resources */,
			);
			runOnlyForDeploymentPostprocessing = 0;
		};
/* End PBXResourcesBuildPhase section */

/* Begin PBXSourcesBuildPhase section */
		BC04FBB2248D4CC500FB8184 /* Sources */ = {
			isa = PBXSourcesBuildPhase;
			buildActionMask = 2147483647;
			files = (
				BC04FBBA248D4CC600FB8184 /* AppDelegate.swift in Sources */,
				BC294B67248F186800726AC0 /* AnimatableTrapezoidView.swift in Sources */,
				BC04FBD8248D846F00FB8184 /* FlowerView.swift in Sources */,
				BC294B65248F159800726AC0 /* BlurryView.swift in Sources */,
				BC04FBD6248D81AB00FB8184 /* ArcView.swift in Sources */,
				BC294B69248F1A1700726AC0 /* CheckerboardView.swift in Sources */,
				BC04FBBC248D4CC600FB8184 /* SceneDelegate.swift in Sources */,
				BC294B61248F10AF00726AC0 /* ColorCyclingView.swift in Sources */,
				BC26795F248DB519004D1914 /* ImagePaintView.swift in Sources */,
				BC294B63248F14A700726AC0 /* BlendModeView.swift in Sources */,
				BC04FBD4248D80D600FB8184 /* TriangleView.swift in Sources */,
				BC0DBED42491BE9C00EF1F8A /* ColorCyclingRectangle.swift in Sources */,
				BC04FBBE248D4CC600FB8184 /* ContentView.swift in Sources */,
				BC0DBED22491A9F800EF1F8A /* Arrow.swift in Sources */,
			);
			runOnlyForDeploymentPostprocessing = 0;
		};
/* End PBXSourcesBuildPhase section */

/* Begin PBXVariantGroup section */
		BC04FBC4248D4CCA00FB8184 /* LaunchScreen.storyboard */ = {
			isa = PBXVariantGroup;
			children = (
				BC04FBC5248D4CCA00FB8184 /* Base */,
			);
			name = LaunchScreen.storyboard;
			sourceTree = "<group>";
		};
/* End PBXVariantGroup section */

/* Begin XCBuildConfiguration section */
		BC04FBC8248D4CCA00FB8184 /* Debug */ = {
			isa = XCBuildConfiguration;
			buildSettings = {
				ALWAYS_SEARCH_USER_PATHS = NO;
				CLANG_ANALYZER_NONNULL = YES;
				CLANG_ANALYZER_NUMBER_OBJECT_CONVERSION = YES_AGGRESSIVE;
				CLANG_CXX_LANGUAGE_STANDARD = "gnu++14";
				CLANG_CXX_LIBRARY = "libc++";
				CLANG_ENABLE_MODULES = YES;
				CLANG_ENABLE_OBJC_ARC = YES;
				CLANG_ENABLE_OBJC_WEAK = YES;
				CLANG_WARN_BLOCK_CAPTURE_AUTORELEASING = YES;
				CLANG_WARN_BOOL_CONVERSION = YES;
				CLANG_WARN_COMMA = YES;
				CLANG_WARN_CONSTANT_CONVERSION = YES;
				CLANG_WARN_DEPRECATED_OBJC_IMPLEMENTATIONS = YES;
				CLANG_WARN_DIRECT_OBJC_ISA_USAGE = YES_ERROR;
				CLANG_WARN_DOCUMENTATION_COMMENTS = YES;
				CLANG_WARN_EMPTY_BODY = YES;
				CLANG_WARN_ENUM_CONVERSION = YES;
				CLANG_WARN_INFINITE_RECURSION = YES;
				CLANG_WARN_INT_CONVERSION = YES;
				CLANG_WARN_NON_LITERAL_NULL_CONVERSION = YES;
				CLANG_WARN_OBJC_IMPLICIT_RETAIN_SELF = YES;
				CLANG_WARN_OBJC_LITERAL_CONVERSION = YES;
				CLANG_WARN_OBJC_ROOT_CLASS = YES_ERROR;
				CLANG_WARN_RANGE_LOOP_ANALYSIS = YES;
				CLANG_WARN_STRICT_PROTOTYPES = YES;
				CLANG_WARN_SUSPICIOUS_MOVE = YES;
				CLANG_WARN_UNGUARDED_AVAILABILITY = YES_AGGRESSIVE;
				CLANG_WARN_UNREACHABLE_CODE = YES;
				CLANG_WARN__DUPLICATE_METHOD_MATCH = YES;
				COPY_PHASE_STRIP = NO;
				DEBUG_INFORMATION_FORMAT = dwarf;
				ENABLE_STRICT_OBJC_MSGSEND = YES;
				ENABLE_TESTABILITY = YES;
				GCC_C_LANGUAGE_STANDARD = gnu11;
				GCC_DYNAMIC_NO_PIC = NO;
				GCC_NO_COMMON_BLOCKS = YES;
				GCC_OPTIMIZATION_LEVEL = 0;
				GCC_PREPROCESSOR_DEFINITIONS = (
					"DEBUG=1",
					"$(inherited)",
				);
				GCC_WARN_64_TO_32_BIT_CONVERSION = YES;
				GCC_WARN_ABOUT_RETURN_TYPE = YES_ERROR;
				GCC_WARN_UNDECLARED_SELECTOR = YES;
				GCC_WARN_UNINITIALIZED_AUTOS = YES_AGGRESSIVE;
				GCC_WARN_UNUSED_FUNCTION = YES;
				GCC_WARN_UNUSED_VARIABLE = YES;
				IPHONEOS_DEPLOYMENT_TARGET = 13.5;
				MTL_ENABLE_DEBUG_INFO = INCLUDE_SOURCE;
				MTL_FAST_MATH = YES;
				ONLY_ACTIVE_ARCH = YES;
				SDKROOT = iphoneos;
				SWIFT_ACTIVE_COMPILATION_CONDITIONS = DEBUG;
				SWIFT_OPTIMIZATION_LEVEL = "-Onone";
			};
			name = Debug;
		};
		BC04FBC9248D4CCA00FB8184 /* Release */ = {
			isa = XCBuildConfiguration;
			buildSettings = {
				ALWAYS_SEARCH_USER_PATHS = NO;
				CLANG_ANALYZER_NONNULL = YES;
				CLANG_ANALYZER_NUMBER_OBJECT_CONVERSION = YES_AGGRESSIVE;
				CLANG_CXX_LANGUAGE_STANDARD = "gnu++14";
				CLANG_CXX_LIBRARY = "libc++";
				CLANG_ENABLE_MODULES = YES;
				CLANG_ENABLE_OBJC_ARC = YES;
				CLANG_ENABLE_OBJC_WEAK = YES;
				CLANG_WARN_BLOCK_CAPTURE_AUTORELEASING = YES;
				CLANG_WARN_BOOL_CONVERSION = YES;
				CLANG_WARN_COMMA = YES;
				CLANG_WARN_CONSTANT_CONVERSION = YES;
				CLANG_WARN_DEPRECATED_OBJC_IMPLEMENTATIONS = YES;
				CLANG_WARN_DIRECT_OBJC_ISA_USAGE = YES_ERROR;
				CLANG_WARN_DOCUMENTATION_COMMENTS = YES;
				CLANG_WARN_EMPTY_BODY = YES;
				CLANG_WARN_ENUM_CONVERSION = YES;
				CLANG_WARN_INFINITE_RECURSION = YES;
				CLANG_WARN_INT_CONVERSION = YES;
				CLANG_WARN_NON_LITERAL_NULL_CONVERSION = YES;
				CLANG_WARN_OBJC_IMPLICIT_RETAIN_SELF = YES;
				CLANG_WARN_OBJC_LITERAL_CONVERSION = YES;
				CLANG_WARN_OBJC_ROOT_CLASS = YES_ERROR;
				CLANG_WARN_RANGE_LOOP_ANALYSIS = YES;
				CLANG_WARN_STRICT_PROTOTYPES = YES;
				CLANG_WARN_SUSPICIOUS_MOVE = YES;
				CLANG_WARN_UNGUARDED_AVAILABILITY = YES_AGGRESSIVE;
				CLANG_WARN_UNREACHABLE_CODE = YES;
				CLANG_WARN__DUPLICATE_METHOD_MATCH = YES;
				COPY_PHASE_STRIP = NO;
				DEBUG_INFORMATION_FORMAT = "dwarf-with-dsym";
				ENABLE_NS_ASSERTIONS = NO;
				ENABLE_STRICT_OBJC_MSGSEND = YES;
				GCC_C_LANGUAGE_STANDARD = gnu11;
				GCC_NO_COMMON_BLOCKS = YES;
				GCC_WARN_64_TO_32_BIT_CONVERSION = YES;
				GCC_WARN_ABOUT_RETURN_TYPE = YES_ERROR;
				GCC_WARN_UNDECLARED_SELECTOR = YES;
				GCC_WARN_UNINITIALIZED_AUTOS = YES_AGGRESSIVE;
				GCC_WARN_UNUSED_FUNCTION = YES;
				GCC_WARN_UNUSED_VARIABLE = YES;
				IPHONEOS_DEPLOYMENT_TARGET = 13.5;
				MTL_ENABLE_DEBUG_INFO = NO;
				MTL_FAST_MATH = YES;
				SDKROOT = iphoneos;
				SWIFT_COMPILATION_MODE = wholemodule;
				SWIFT_OPTIMIZATION_LEVEL = "-O";
				VALIDATE_PRODUCT = YES;
			};
			name = Release;
		};
		BC04FBCB248D4CCA00FB8184 /* Debug */ = {
			isa = XCBuildConfiguration;
			buildSettings = {
				ASSETCATALOG_COMPILER_APPICON_NAME = AppIcon;
				CODE_SIGN_STYLE = Automatic;
				DEVELOPMENT_ASSET_PATHS = "\"Drawing/Preview Content\"";
				DEVELOPMENT_TEAM = 68467CPVLE;
				ENABLE_PREVIEWS = YES;
				INFOPLIST_FILE = Drawing/Info.plist;
				LD_RUNPATH_SEARCH_PATHS = (
					"$(inherited)",
					"@executable_path/Frameworks",
				);
				PRODUCT_BUNDLE_IDENTIFIER = natashagodwin.Drawing;
				PRODUCT_NAME = "$(TARGET_NAME)";
				SWIFT_VERSION = 5.0;
				TARGETED_DEVICE_FAMILY = "1,2";
			};
			name = Debug;
		};
		BC04FBCC248D4CCA00FB8184 /* Release */ = {
			isa = XCBuildConfiguration;
			buildSettings = {
				ASSETCATALOG_COMPILER_APPICON_NAME = AppIcon;
				CODE_SIGN_STYLE = Automatic;
				DEVELOPMENT_ASSET_PATHS = "\"Drawing/Preview Content\"";
				DEVELOPMENT_TEAM = 68467CPVLE;
				ENABLE_PREVIEWS = YES;
				INFOPLIST_FILE = Drawing/Info.plist;
				LD_RUNPATH_SEARCH_PATHS = (
					"$(inherited)",
					"@executable_path/Frameworks",
				);
				PRODUCT_BUNDLE_IDENTIFIER = natashagodwin.Drawing;
				PRODUCT_NAME = "$(TARGET_NAME)";
				SWIFT_VERSION = 5.0;
				TARGETED_DEVICE_FAMILY = "1,2";
			};
			name = Release;
		};
/* End XCBuildConfiguration section */

/* Begin XCConfigurationList section */
		BC04FBB1248D4CC500FB8184 /* Build configuration list for PBXProject "Drawing" */ = {
			isa = XCConfigurationList;
			buildConfigurations = (
				BC04FBC8248D4CCA00FB8184 /* Debug */,
				BC04FBC9248D4CCA00FB8184 /* Release */,
			);
			defaultConfigurationIsVisible = 0;
			defaultConfigurationName = Release;
		};
		BC04FBCA248D4CCA00FB8184 /* Build configuration list for PBXNativeTarget "Drawing" */ = {
			isa = XCConfigurationList;
			buildConfigurations = (
				BC04FBCB248D4CCA00FB8184 /* Debug */,
				BC04FBCC248D4CCA00FB8184 /* Release */,
			);
			defaultConfigurationIsVisible = 0;
			defaultConfigurationName = Release;
		};
/* End XCConfigurationList section */
	};
	rootObject = BC04FBAE248D4CC500FB8184 /* Project object */;
}
