// !$*UTF8*$!
{
	archiveVersion = 1;
	classes = {
	};
	objectVersion = 50;
	objects = {

/* Begin PBXBuildFile section */
		BC03A07D27288DD100674D0B /* OffsetText.swift in Sources */ = {isa = PBXBuildFile; fileRef = BC03A07C27288DD100674D0B /* OffsetText.swift */; };
		BC03A07F27288DE500674D0B /* StaggeredText.swift in Sources */ = {isa = PBXBuildFile; fileRef = BC03A07E27288DE500674D0B /* StaggeredText.swift */; };
		BC03A08127288DF500674D0B /* SameBaseline.swift in Sources */ = {isa = PBXBuildFile; fileRef = BC03A08027288DF500674D0B /* SameBaseline.swift */; };
		BC03A08327288E1000674D0B /* OffsetVersusAlignment.swift in Sources */ = {isa = PBXBuildFile; fileRef = BC03A08227288E1000674D0B /* OffsetVersusAlignment.swift */; };
		BC2959C3272B1B8A00C8B7E6 /* ShrinkImage.swift in Sources */ = {isa = PBXBuildFile; fileRef = BC2959C2272B1B8A00C8B7E6 /* ShrinkImage.swift */; };
		BC38DAC1272728D000AFC82C /* LayoutAndGeometryApp.swift in Sources */ = {isa = PBXBuildFile; fileRef = BC38DAC0272728D000AFC82C /* LayoutAndGeometryApp.swift */; };
		BC38DAC3272728D000AFC82C /* ContentView.swift in Sources */ = {isa = PBXBuildFile; fileRef = BC38DAC2272728D000AFC82C /* ContentView.swift */; };
		BC38DAC5272728D500AFC82C /* Assets.xcassets in Resources */ = {isa = PBXBuildFile; fileRef = BC38DAC4272728D400AFC82C /* Assets.xcassets */; };
		BC38DAC8272728D500AFC82C /* Preview Assets.xcassets in Resources */ = {isa = PBXBuildFile; fileRef = BC38DAC7272728D500AFC82C /* Preview Assets.xcassets */; };
		BC46AF1E2729CF6B0035E90B /* SlidingSquares.swift in Sources */ = {isa = PBXBuildFile; fileRef = BC46AF1D2729CF6B0035E90B /* SlidingSquares.swift */; };
		BC46AF212729D3730035E90B /* DoubleHelix.swift in Sources */ = {isa = PBXBuildFile; fileRef = BC46AF202729D3730035E90B /* DoubleHelix.swift */; };
/* End PBXBuildFile section */

/* Begin PBXFileReference section */
		BC03A07C27288DD100674D0B /* OffsetText.swift */ = {isa = PBXFileReference; lastKnownFileType = sourcecode.swift; path = OffsetText.swift; sourceTree = "<group>"; };
		BC03A07E27288DE500674D0B /* StaggeredText.swift */ = {isa = PBXFileReference; lastKnownFileType = sourcecode.swift; path = StaggeredText.swift; sourceTree = "<group>"; };
		BC03A08027288DF500674D0B /* SameBaseline.swift */ = {isa = PBXFileReference; lastKnownFileType = sourcecode.swift; path = SameBaseline.swift; sourceTree = "<group>"; };
		BC03A08227288E1000674D0B /* OffsetVersusAlignment.swift */ = {isa = PBXFileReference; lastKnownFileType = sourcecode.swift; path = OffsetVersusAlignment.swift; sourceTree = "<group>"; };
		BC2959C2272B1B8A00C8B7E6 /* ShrinkImage.swift */ = {isa = PBXFileReference; lastKnownFileType = sourcecode.swift; path = ShrinkImage.swift; sourceTree = "<group>"; };
		BC38DABD272728D000AFC82C /* LayoutAndGeometry.app */ = {isa = PBXFileReference; explicitFileType = wrapper.application; includeInIndex = 0; path = LayoutAndGeometry.app; sourceTree = BUILT_PRODUCTS_DIR; };
		BC38DAC0272728D000AFC82C /* LayoutAndGeometryApp.swift */ = {isa = PBXFileReference; lastKnownFileType = sourcecode.swift; path = LayoutAndGeometryApp.swift; sourceTree = "<group>"; };
		BC38DAC2272728D000AFC82C /* ContentView.swift */ = {isa = PBXFileReference; lastKnownFileType = sourcecode.swift; path = ContentView.swift; sourceTree = "<group>"; };
		BC38DAC4272728D400AFC82C /* Assets.xcassets */ = {isa = PBXFileReference; lastKnownFileType = folder.assetcatalog; path = Assets.xcassets; sourceTree = "<group>"; };
		BC38DAC7272728D500AFC82C /* Preview Assets.xcassets */ = {isa = PBXFileReference; lastKnownFileType = folder.assetcatalog; path = "Preview Assets.xcassets"; sourceTree = "<group>"; };
		BC38DAC9272728D500AFC82C /* Info.plist */ = {isa = PBXFileReference; lastKnownFileType = text.plist.xml; path = Info.plist; sourceTree = "<group>"; };
		BC46AF1D2729CF6B0035E90B /* SlidingSquares.swift */ = {isa = PBXFileReference; lastKnownFileType = sourcecode.swift; path = SlidingSquares.swift; sourceTree = "<group>"; };
		BC46AF202729D3730035E90B /* DoubleHelix.swift */ = {isa = PBXFileReference; lastKnownFileType = sourcecode.swift; path = DoubleHelix.swift; sourceTree = "<group>"; };
/* End PBXFileReference section */

/* Begin PBXFrameworksBuildPhase section */
		BC38DABA272728D000AFC82C /* Frameworks */ = {
			isa = PBXFrameworksBuildPhase;
			buildActionMask = 2147483647;
			files = (
			);
			runOnlyForDeploymentPostprocessing = 0;
		};
/* End PBXFrameworksBuildPhase section */

/* Begin PBXGroup section */
		BC03A08427288E7900674D0B /* Alignment and Position */ = {
			isa = PBXGroup;
			children = (
				BC03A08227288E1000674D0B /* OffsetVersusAlignment.swift */,
				BC03A08027288DF500674D0B /* SameBaseline.swift */,
				BC03A07E27288DE500674D0B /* StaggeredText.swift */,
				BC03A07C27288DD100674D0B /* OffsetText.swift */,
			);
			path = "Alignment and Position";
			sourceTree = "<group>";
		};
		BC38DAB4272728CF00AFC82C = {
			isa = PBXGroup;
			children = (
				BC38DABF272728D000AFC82C /* LayoutAndGeometry */,
				BC38DABE272728D000AFC82C /* Products */,
			);
			sourceTree = "<group>";
		};
		BC38DABE272728D000AFC82C /* Products */ = {
			isa = PBXGroup;
			children = (
				BC38DABD272728D000AFC82C /* LayoutAndGeometry.app */,
			);
			name = Products;
			sourceTree = "<group>";
		};
		BC38DABF272728D000AFC82C /* LayoutAndGeometry */ = {
			isa = PBXGroup;
			children = (
				BC38DAC0272728D000AFC82C /* LayoutAndGeometryApp.swift */,
				BC38DAC2272728D000AFC82C /* ContentView.swift */,
				BC2959C2272B1B8A00C8B7E6 /* ShrinkImage.swift */,
				BC46AF1F2729CF7A0035E90B /* GeometryReader */,
				BC03A08427288E7900674D0B /* Alignment and Position */,
				BC38DAC4272728D400AFC82C /* Assets.xcassets */,
				BC38DAC9272728D500AFC82C /* Info.plist */,
				BC38DAC6272728D500AFC82C /* Preview Content */,
			);
			path = LayoutAndGeometry;
			sourceTree = "<group>";
		};
		BC38DAC6272728D500AFC82C /* Preview Content */ = {
			isa = PBXGroup;
			children = (
				BC38DAC7272728D500AFC82C /* Preview Assets.xcassets */,
			);
			path = "Preview Content";
			sourceTree = "<group>";
		};
		BC46AF1F2729CF7A0035E90B /* GeometryReader */ = {
			isa = PBXGroup;
			children = (
				BC46AF1D2729CF6B0035E90B /* SlidingSquares.swift */,
				BC46AF202729D3730035E90B /* DoubleHelix.swift */,
			);
			path = GeometryReader;
			sourceTree = "<group>";
		};
/* End PBXGroup section */

/* Begin PBXNativeTarget section */
		BC38DABC272728D000AFC82C /* LayoutAndGeometry */ = {
			isa = PBXNativeTarget;
			buildConfigurationList = BC38DACC272728D500AFC82C /* Build configuration list for PBXNativeTarget "LayoutAndGeometry" */;
			buildPhases = (
				BC38DAB9272728D000AFC82C /* Sources */,
				BC38DABA272728D000AFC82C /* Frameworks */,
				BC38DABB272728D000AFC82C /* Resources */,
			);
			buildRules = (
			);
			dependencies = (
			);
			name = LayoutAndGeometry;
			productName = LayoutAndGeometry;
			productReference = BC38DABD272728D000AFC82C /* LayoutAndGeometry.app */;
			productType = "com.apple.product-type.application";
		};
/* End PBXNativeTarget section */

/* Begin PBXProject section */
		BC38DAB5272728CF00AFC82C /* Project object */ = {
			isa = PBXProject;
			attributes = {
				LastSwiftUpdateCheck = 1250;
				LastUpgradeCheck = 1250;
				TargetAttributes = {
					BC38DABC272728D000AFC82C = {
						CreatedOnToolsVersion = 12.5.1;
					};
				};
			};
			buildConfigurationList = BC38DAB8272728CF00AFC82C /* Build configuration list for PBXProject "LayoutAndGeometry" */;
			compatibilityVersion = "Xcode 9.3";
			developmentRegion = en;
			hasScannedForEncodings = 0;
			knownRegions = (
				en,
				Base,
			);
			mainGroup = BC38DAB4272728CF00AFC82C;
			productRefGroup = BC38DABE272728D000AFC82C /* Products */;
			projectDirPath = "";
			projectRoot = "";
			targets = (
				BC38DABC272728D000AFC82C /* LayoutAndGeometry */,
			);
		};
/* End PBXProject section */

/* Begin PBXResourcesBuildPhase section */
		BC38DABB272728D000AFC82C /* Resources */ = {
			isa = PBXResourcesBuildPhase;
			buildActionMask = 2147483647;
			files = (
				BC38DAC8272728D500AFC82C /* Preview Assets.xcassets in Resources */,
				BC38DAC5272728D500AFC82C /* Assets.xcassets in Resources */,
			);
			runOnlyForDeploymentPostprocessing = 0;
		};
/* End PBXResourcesBuildPhase section */

/* Begin PBXSourcesBuildPhase section */
		BC38DAB9272728D000AFC82C /* Sources */ = {
			isa = PBXSourcesBuildPhase;
			buildActionMask = 2147483647;
			files = (
				BC38DAC3272728D000AFC82C /* ContentView.swift in Sources */,
				BC46AF212729D3730035E90B /* DoubleHelix.swift in Sources */,
				BC2959C3272B1B8A00C8B7E6 /* ShrinkImage.swift in Sources */,
				BC03A08127288DF500674D0B /* SameBaseline.swift in Sources */,
				BC03A07F27288DE500674D0B /* StaggeredText.swift in Sources */,
				BC03A07D27288DD100674D0B /* OffsetText.swift in Sources */,
				BC03A08327288E1000674D0B /* OffsetVersusAlignment.swift in Sources */,
				BC46AF1E2729CF6B0035E90B /* SlidingSquares.swift in Sources */,
				BC38DAC1272728D000AFC82C /* LayoutAndGeometryApp.swift in Sources */,
			);
			runOnlyForDeploymentPostprocessing = 0;
		};
/* End PBXSourcesBuildPhase section */

/* Begin XCBuildConfiguration section */
		BC38DACA272728D500AFC82C /* Debug */ = {
			isa = XCBuildConfiguration;
			buildSettings = {
				ALWAYS_SEARCH_USER_PATHS = NO;
				CLANG_ANALYZER_NONNULL = YES;
				CLANG_ANALYZER_NUMBER_OBJECT_CONVERSION = YES_AGGRESSIVE;
				CLANG_CXX_LANGUAGE_STANDARD = "gnu++14";
				CLANG_CXX_LIBRARY = "libc++";
				CLANG_ENABLE_MODULES = YES;
				CLANG_ENABLE_OBJC_ARC = YES;
				CLANG_ENABLE_OBJC_WEAK = YES;
				CLANG_WARN_BLOCK_CAPTURE_AUTORELEASING = YES;
				CLANG_WARN_BOOL_CONVERSION = YES;
				CLANG_WARN_COMMA = YES;
				CLANG_WARN_CONSTANT_CONVERSION = YES;
				CLANG_WARN_DEPRECATED_OBJC_IMPLEMENTATIONS = YES;
				CLANG_WARN_DIRECT_OBJC_ISA_USAGE = YES_ERROR;
				CLANG_WARN_DOCUMENTATION_COMMENTS = YES;
				CLANG_WARN_EMPTY_BODY = YES;
				CLANG_WARN_ENUM_CONVERSION = YES;
				CLANG_WARN_INFINITE_RECURSION = YES;
				CLANG_WARN_INT_CONVERSION = YES;
				CLANG_WARN_NON_LITERAL_NULL_CONVERSION = YES;
				CLANG_WARN_OBJC_IMPLICIT_RETAIN_SELF = YES;
				CLANG_WARN_OBJC_LITERAL_CONVERSION = YES;
				CLANG_WARN_OBJC_ROOT_CLASS = YES_ERROR;
				CLANG_WARN_QUOTED_INCLUDE_IN_FRAMEWORK_HEADER = YES;
				CLANG_WARN_RANGE_LOOP_ANALYSIS = YES;
				CLANG_WARN_STRICT_PROTOTYPES = YES;
				CLANG_WARN_SUSPICIOUS_MOVE = YES;
				CLANG_WARN_UNGUARDED_AVAILABILITY = YES_AGGRESSIVE;
				CLANG_WARN_UNREACHABLE_CODE = YES;
				CLANG_WARN__DUPLICATE_METHOD_MATCH = YES;
				COPY_PHASE_STRIP = NO;
				DEBUG_INFORMATION_FORMAT = dwarf;
				ENABLE_STRICT_OBJC_MSGSEND = YES;
				ENABLE_TESTABILITY = YES;
				GCC_C_LANGUAGE_STANDARD = gnu11;
				GCC_DYNAMIC_NO_PIC = NO;
				GCC_NO_COMMON_BLOCKS = YES;
				GCC_OPTIMIZATION_LEVEL = 0;
				GCC_PREPROCESSOR_DEFINITIONS = (
					"DEBUG=1",
					"$(inherited)",
				);
				GCC_WARN_64_TO_32_BIT_CONVERSION = YES;
				GCC_WARN_ABOUT_RETURN_TYPE = YES_ERROR;
				GCC_WARN_UNDECLARED_SELECTOR = YES;
				GCC_WARN_UNINITIALIZED_AUTOS = YES_AGGRESSIVE;
				GCC_WARN_UNUSED_FUNCTION = YES;
				GCC_WARN_UNUSED_VARIABLE = YES;
				IPHONEOS_DEPLOYMENT_TARGET = 14.5;
				MTL_ENABLE_DEBUG_INFO = INCLUDE_SOURCE;
				MTL_FAST_MATH = YES;
				ONLY_ACTIVE_ARCH = YES;
				SDKROOT = iphoneos;
				SWIFT_ACTIVE_COMPILATION_CONDITIONS = DEBUG;
				SWIFT_OPTIMIZATION_LEVEL = "-Onone";
			};
			name = Debug;
		};
		BC38DACB272728D500AFC82C /* Release */ = {
			isa = XCBuildConfiguration;
			buildSettings = {
				ALWAYS_SEARCH_USER_PATHS = NO;
				CLANG_ANALYZER_NONNULL = YES;
				CLANG_ANALYZER_NUMBER_OBJECT_CONVERSION = YES_AGGRESSIVE;
				CLANG_CXX_LANGUAGE_STANDARD = "gnu++14";
				CLANG_CXX_LIBRARY = "libc++";
				CLANG_ENABLE_MODULES = YES;
				CLANG_ENABLE_OBJC_ARC = YES;
				CLANG_ENABLE_OBJC_WEAK = YES;
				CLANG_WARN_BLOCK_CAPTURE_AUTORELEASING = YES;
				CLANG_WARN_BOOL_CONVERSION = YES;
				CLANG_WARN_COMMA = YES;
				CLANG_WARN_CONSTANT_CONVERSION = YES;
				CLANG_WARN_DEPRECATED_OBJC_IMPLEMENTATIONS = YES;
				CLANG_WARN_DIRECT_OBJC_ISA_USAGE = YES_ERROR;
				CLANG_WARN_DOCUMENTATION_COMMENTS = YES;
				CLANG_WARN_EMPTY_BODY = YES;
				CLANG_WARN_ENUM_CONVERSION = YES;
				CLANG_WARN_INFINITE_RECURSION = YES;
				CLANG_WARN_INT_CONVERSION = YES;
				CLANG_WARN_NON_LITERAL_NULL_CONVERSION = YES;
				CLANG_WARN_OBJC_IMPLICIT_RETAIN_SELF = YES;
				CLANG_WARN_OBJC_LITERAL_CONVERSION = YES;
				CLANG_WARN_OBJC_ROOT_CLASS = YES_ERROR;
				CLANG_WARN_QUOTED_INCLUDE_IN_FRAMEWORK_HEADER = YES;
				CLANG_WARN_RANGE_LOOP_ANALYSIS = YES;
				CLANG_WARN_STRICT_PROTOTYPES = YES;
				CLANG_WARN_SUSPICIOUS_MOVE = YES;
				CLANG_WARN_UNGUARDED_AVAILABILITY = YES_AGGRESSIVE;
				CLANG_WARN_UNREACHABLE_CODE = YES;
				CLANG_WARN__DUPLICATE_METHOD_MATCH = YES;
				COPY_PHASE_STRIP = NO;
				DEBUG_INFORMATION_FORMAT = "dwarf-with-dsym";
				ENABLE_NS_ASSERTIONS = NO;
				ENABLE_STRICT_OBJC_MSGSEND = YES;
				GCC_C_LANGUAGE_STANDARD = gnu11;
				GCC_NO_COMMON_BLOCKS = YES;
				GCC_WARN_64_TO_32_BIT_CONVERSION = YES;
				GCC_WARN_ABOUT_RETURN_TYPE = YES_ERROR;
				GCC_WARN_UNDECLARED_SELECTOR = YES;
				GCC_WARN_UNINITIALIZED_AUTOS = YES_AGGRESSIVE;
				GCC_WARN_UNUSED_FUNCTION = YES;
				GCC_WARN_UNUSED_VARIABLE = YES;
				IPHONEOS_DEPLOYMENT_TARGET = 14.5;
				MTL_ENABLE_DEBUG_INFO = NO;
				MTL_FAST_MATH = YES;
				SDKROOT = iphoneos;
				SWIFT_COMPILATION_MODE = wholemodule;
				SWIFT_OPTIMIZATION_LEVEL = "-O";
				VALIDATE_PRODUCT = YES;
			};
			name = Release;
		};
		BC38DACD272728D500AFC82C /* Debug */ = {
			isa = XCBuildConfiguration;
			buildSettings = {
				ASSETCATALOG_COMPILER_APPICON_NAME = AppIcon;
				ASSETCATALOG_COMPILER_GLOBAL_ACCENT_COLOR_NAME = AccentColor;
				CODE_SIGN_STYLE = Automatic;
				DEVELOPMENT_ASSET_PATHS = "\"LayoutAndGeometry/Preview Content\"";
				DEVELOPMENT_TEAM = 68467CPVLE;
				ENABLE_PREVIEWS = YES;
				INFOPLIST_FILE = LayoutAndGeometry/Info.plist;
				IPHONEOS_DEPLOYMENT_TARGET = 14.0;
				LD_RUNPATH_SEARCH_PATHS = (
					"$(inherited)",
					"@executable_path/Frameworks",
				);
				PRODUCT_BUNDLE_IDENTIFIER = biomedicalmuse.LayoutAndGeometry;
				PRODUCT_NAME = "$(TARGET_NAME)";
				SWIFT_VERSION = 5.0;
				TARGETED_DEVICE_FAMILY = "1,2";
			};
			name = Debug;
		};
		BC38DACE272728D500AFC82C /* Release */ = {
			isa = XCBuildConfiguration;
			buildSettings = {
				ASSETCATALOG_COMPILER_APPICON_NAME = AppIcon;
				ASSETCATALOG_COMPILER_GLOBAL_ACCENT_COLOR_NAME = AccentColor;
				CODE_SIGN_STYLE = Automatic;
				DEVELOPMENT_ASSET_PATHS = "\"LayoutAndGeometry/Preview Content\"";
				DEVELOPMENT_TEAM = 68467CPVLE;
				ENABLE_PREVIEWS = YES;
				INFOPLIST_FILE = LayoutAndGeometry/Info.plist;
				IPHONEOS_DEPLOYMENT_TARGET = 14.0;
				LD_RUNPATH_SEARCH_PATHS = (
					"$(inherited)",
					"@executable_path/Frameworks",
				);
				PRODUCT_BUNDLE_IDENTIFIER = biomedicalmuse.LayoutAndGeometry;
				PRODUCT_NAME = "$(TARGET_NAME)";
				SWIFT_VERSION = 5.0;
				TARGETED_DEVICE_FAMILY = "1,2";
			};
			name = Release;
		};
/* End XCBuildConfiguration section */

/* Begin XCConfigurationList section */
		BC38DAB8272728CF00AFC82C /* Build configuration list for PBXProject "LayoutAndGeometry" */ = {
			isa = XCConfigurationList;
			buildConfigurations = (
				BC38DACA272728D500AFC82C /* Debug */,
				BC38DACB272728D500AFC82C /* Release */,
			);
			defaultConfigurationIsVisible = 0;
			defaultConfigurationName = Release;
		};
		BC38DACC272728D500AFC82C /* Build configuration list for PBXNativeTarget "LayoutAndGeometry" */ = {
			isa = XCConfigurationList;
			buildConfigurations = (
				BC38DACD272728D500AFC82C /* Debug */,
				BC38DACE272728D500AFC82C /* Release */,
			);
			defaultConfigurationIsVisible = 0;
			defaultConfigurationName = Release;
		};
/* End XCConfigurationList section */
	};
	rootObject = BC38DAB5272728CF00AFC82C /* Project object */;
}
